# @generated - this file is auto-generated by `mise lock` https://mise.jdx.dev/dev-tools/mise-lock.html

lockfile_version = 2

[[tools.hugo-extended]]
version = "0.155.0"
backend = "aqua:gohugoio/hugo/hugo-extended"
specifiers = ["0.155.0"]

[tools.hugo-extended."platforms.linux-arm64"]
checksum = "sha256:afff75c430bdf0675f0e9e926704148eb6e2d705e11a8fba492738229ee12d1d"
url = "https://github.com/gohugoio/hugo/releases/download/v0.155.0/hugo_extended_0.155.0_linux-arm64.tar.gz"
url_api = "https://api.github.com/repos/gohugoio/hugo/releases/assets/347229280"

[tools.hugo-extended."platforms.linux-arm64-musl"]
checksum = "sha256:afff75c430bdf0675f0e9e926704148eb6e2d705e11a8fba492738229ee12d1d"
url = "https://github.com/gohugoio/hugo/releases/download/v0.155.0/hugo_extended_0.155.0_linux-arm64.tar.gz"
url_api = "https://api.github.com/repos/gohugoio/hugo/releases/assets/347229280"

[tools.hugo-extended."platforms.linux-x64"]
checksum = "sha256:6c8b34a98afe207982137d69abb98c6efb2829e0cfc099e23ab4c51f260e8c6a"
url = "https://github.com/gohugoio/hugo/releases/download/v0.155.0/hugo_extended_0.155.0_linux-amd64.tar.gz"
url_api = "https://api.github.com/repos/gohugoio/hugo/releases/assets/347229270"

[tools.hugo-extended."platforms.linux-x64-musl"]
checksum = "sha256:6c8b34a98afe207982137d69abb98c6efb2829e0cfc099e23ab4c51f260e8c6a"
url = "https://github.com/gohugoio/hugo/releases/download/v0.155.0/hugo_extended_0.155.0_linux-amd64.tar.gz"
url_api = "https://api.github.com/repos/gohugoio/hugo/releases/assets/347229270"

[tools.hugo-extended."platforms.macos-arm64"]
checksum = "sha256:962abee5bbbf8191446c55f8bcf155ea23c94f684919b0ddc5f5a8ca4e25e002"
url = "https://github.com/gohugoio/hugo/releases/download/v0.155.0/hugo_extended_0.155.0_darwin-universal.pkg"
url_api = "https://api.github.com/repos/gohugoio/hugo/releases/assets/347229282"

[tools.hugo-extended."platforms.macos-x64"]
checksum = "sha256:962abee5bbbf8191446c55f8bcf155ea23c94f684919b0ddc5f5a8ca4e25e002"
url = "https://github.com/gohugoio/hugo/releases/download/v0.155.0/hugo_extended_0.155.0_darwin-universal.pkg"
url_api = "https://api.github.com/repos/gohugoio/hugo/releases/assets/347229282"

[tools.hugo-extended."platforms.windows-x64"]
checksum = "sha256:c7a338e4def041d34940214f50faa54143cb2a3cec64e15ab3248524167201d9"
url = "https://github.com/gohugoio/hugo/releases/download/v0.155.0/hugo_extended_0.155.0_windows-amd64.zip"
url_api = "https://api.github.com/repos/gohugoio/hugo/releases/assets/347229303"
